
Microsoft Visual Studio Solution File, Format Version 12.00
# Visual Studio Version 16
VisualStudioVersion = 16.0.31729.503
MinimumVisualStudioVersion = 10.0.40219.1
Project("{8BC9CEB8-8B4A-11D0-8D11-00A0C91BC942}") = "RedirectMySave", "RedirectMySave\RedirectMySave.vcxproj", "{509ED117-EE23-4952-AB0B-7CDA4365DC74}"
	ProjectSection(ProjectDependencies) = postProject
		{37489709-8054-4903-9C49-A79846049FC9} = {37489709-8054-4903-9C49-A79846049FC9}
		{1BFF72FC-05BC-4C1B-8098-9666810DE7C6} = {1BFF72FC-05BC-4C1B-8098-9666810DE7C6}
	EndProjectSection
EndProject
Project("{8BC9CEB8-8B4A-11D0-8D11-00A0C91BC942}") = "Detours", "..\Detours\vc\Detours.vcxproj", "{37489709-8054-4903-9C49-A79846049FC9}"
EndProject
Project("{8BC9CEB8-8B4A-11D0-8D11-00A0C91BC942}") = "RedirectMySaveLib", "..\RedirectMySaveLib\RedirectMySaveLib\RedirectMySaveLib.vcxproj", "{F4B2696D-2C11-4EF0-A7D6-3D4B1F7B4170}"
	ProjectSection(ProjectDependencies) = postProject
		{37489709-8054-4903-9C49-A79846049FC9} = {37489709-8054-4903-9C49-A79846049FC9}
		{1BFF72FC-05BC-4C1B-8098-9666810DE7C6} = {1BFF72FC-05BC-4C1B-8098-9666810DE7C6}
	EndProjectSection
EndProject
Project("{8BC9CEB8-8B4A-11D0-8D11-00A0C91BC942}") = "RedirectMySaveCommon", "..\RedirectMySaveCommon\RedirectMySaveCommon.vcxproj", "{1BFF72FC-05BC-4C1B-8098-9666810DE7C6}"
EndProject
Global
	GlobalSection(SolutionConfigurationPlatforms) = preSolution
		Debug|ARM = Debug|ARM
		Debug|ARM64 = Debug|ARM64
		Debug|x64 = Debug|x64
		Debug|x86 = Debug|x86
		DebugMDd|ARM = DebugMDd|ARM
		DebugMDd|ARM64 = DebugMDd|ARM64
		DebugMDd|x64 = DebugMDd|x64
		DebugMDd|x86 = DebugMDd|x86
		Release|ARM = Release|ARM
		Release|ARM64 = Release|ARM64
		Release|x64 = Release|x64
		Release|x86 = Release|x86
		ReleaseMD|ARM = ReleaseMD|ARM
		ReleaseMD|ARM64 = ReleaseMD|ARM64
		ReleaseMD|x64 = ReleaseMD|x64
		ReleaseMD|x86 = ReleaseMD|x86
	EndGlobalSection
	GlobalSection(ProjectConfigurationPlatforms) = postSolution
		{509ED117-EE23-4952-AB0B-7CDA4365DC74}.Debug|ARM.ActiveCfg = Debug|Win32
		{509ED117-EE23-4952-AB0B-7CDA4365DC74}.Debug|ARM64.ActiveCfg = Debug|Win32
		{509ED117-EE23-4952-AB0B-7CDA4365DC74}.Debug|x64.ActiveCfg = Debug|x64
		{509ED117-EE23-4952-AB0B-7CDA4365DC74}.Debug|x64.Build.0 = Debug|x64
		{509ED117-EE23-4952-AB0B-7CDA4365DC74}.Debug|x86.ActiveCfg = Debug|Win32
		{509ED117-EE23-4952-AB0B-7CDA4365DC74}.Debug|x86.Build.0 = Debug|Win32
		{509ED117-EE23-4952-AB0B-7CDA4365DC74}.DebugMDd|ARM.ActiveCfg = Debug|Win32
		{509ED117-EE23-4952-AB0B-7CDA4365DC74}.DebugMDd|ARM.Build.0 = Debug|Win32
		{509ED117-EE23-4952-AB0B-7CDA4365DC74}.DebugMDd|ARM64.ActiveCfg = Debug|Win32
		{509ED117-EE23-4952-AB0B-7CDA4365DC74}.DebugMDd|ARM64.Build.0 = Debug|Win32
		{509ED117-EE23-4952-AB0B-7CDA4365DC74}.DebugMDd|x64.ActiveCfg = Debug|x64
		{509ED117-EE23-4952-AB0B-7CDA4365DC74}.DebugMDd|x64.Build.0 = Debug|x64
		{509ED117-EE23-4952-AB0B-7CDA4365DC74}.DebugMDd|x86.ActiveCfg = Debug|Win32
		{509ED117-EE23-4952-AB0B-7CDA4365DC74}.DebugMDd|x86.Build.0 = Debug|Win32
		{509ED117-EE23-4952-AB0B-7CDA4365DC74}.Release|ARM.ActiveCfg = Release|Win32
		{509ED117-EE23-4952-AB0B-7CDA4365DC74}.Release|ARM64.ActiveCfg = Release|Win32
		{509ED117-EE23-4952-AB0B-7CDA4365DC74}.Release|x64.ActiveCfg = Release|x64
		{509ED117-EE23-4952-AB0B-7CDA4365DC74}.Release|x64.Build.0 = Release|x64
		{509ED117-EE23-4952-AB0B-7CDA4365DC74}.Release|x86.ActiveCfg = Release|Win32
		{509ED117-EE23-4952-AB0B-7CDA4365DC74}.Release|x86.Build.0 = Release|Win32
		{509ED117-EE23-4952-AB0B-7CDA4365DC74}.ReleaseMD|ARM.ActiveCfg = Debug|Win32
		{509ED117-EE23-4952-AB0B-7CDA4365DC74}.ReleaseMD|ARM.Build.0 = Debug|Win32
		{509ED117-EE23-4952-AB0B-7CDA4365DC74}.ReleaseMD|ARM64.ActiveCfg = Debug|Win32
		{509ED117-EE23-4952-AB0B-7CDA4365DC74}.ReleaseMD|ARM64.Build.0 = Debug|Win32
		{509ED117-EE23-4952-AB0B-7CDA4365DC74}.ReleaseMD|x64.ActiveCfg = Release|x64
		{509ED117-EE23-4952-AB0B-7CDA4365DC74}.ReleaseMD|x64.Build.0 = Release|x64
		{509ED117-EE23-4952-AB0B-7CDA4365DC74}.ReleaseMD|x86.ActiveCfg = Release|Win32
		{509ED117-EE23-4952-AB0B-7CDA4365DC74}.ReleaseMD|x86.Build.0 = Release|Win32
		{37489709-8054-4903-9C49-A79846049FC9}.Debug|ARM.ActiveCfg = DebugMDd|ARM
		{37489709-8054-4903-9C49-A79846049FC9}.Debug|ARM.Build.0 = DebugMDd|ARM
		{37489709-8054-4903-9C49-A79846049FC9}.Debug|ARM64.ActiveCfg = DebugMDd|ARM64
		{37489709-8054-4903-9C49-A79846049FC9}.Debug|ARM64.Build.0 = DebugMDd|ARM64
		{37489709-8054-4903-9C49-A79846049FC9}.Debug|x64.ActiveCfg = DebugMDd|x64
		{37489709-8054-4903-9C49-A79846049FC9}.Debug|x64.Build.0 = DebugMDd|x64
		{37489709-8054-4903-9C49-A79846049FC9}.Debug|x86.ActiveCfg = DebugMDd|Win32
		{37489709-8054-4903-9C49-A79846049FC9}.Debug|x86.Build.0 = DebugMDd|Win32
		{37489709-8054-4903-9C49-A79846049FC9}.DebugMDd|ARM.ActiveCfg = DebugMDd|ARM
		{37489709-8054-4903-9C49-A79846049FC9}.DebugMDd|ARM.Build.0 = DebugMDd|ARM
		{37489709-8054-4903-9C49-A79846049FC9}.DebugMDd|ARM64.ActiveCfg = DebugMDd|ARM64
		{37489709-8054-4903-9C49-A79846049FC9}.DebugMDd|ARM64.Build.0 = DebugMDd|ARM64
		{37489709-8054-4903-9C49-A79846049FC9}.DebugMDd|x64.ActiveCfg = DebugMDd|x64
		{37489709-8054-4903-9C49-A79846049FC9}.DebugMDd|x64.Build.0 = DebugMDd|x64
		{37489709-8054-4903-9C49-A79846049FC9}.DebugMDd|x86.ActiveCfg = DebugMDd|Win32
		{37489709-8054-4903-9C49-A79846049FC9}.DebugMDd|x86.Build.0 = DebugMDd|Win32
		{37489709-8054-4903-9C49-A79846049FC9}.Release|ARM.ActiveCfg = ReleaseMD|ARM
		{37489709-8054-4903-9C49-A79846049FC9}.Release|ARM.Build.0 = ReleaseMD|ARM
		{37489709-8054-4903-9C49-A79846049FC9}.Release|ARM64.ActiveCfg = ReleaseMD|ARM64
		{37489709-8054-4903-9C49-A79846049FC9}.Release|ARM64.Build.0 = ReleaseMD|ARM64
		{37489709-8054-4903-9C49-A79846049FC9}.Release|x64.ActiveCfg = ReleaseMD|x64
		{37489709-8054-4903-9C49-A79846049FC9}.Release|x64.Build.0 = ReleaseMD|x64
		{37489709-8054-4903-9C49-A79846049FC9}.Release|x86.ActiveCfg = ReleaseMD|Win32
		{37489709-8054-4903-9C49-A79846049FC9}.Release|x86.Build.0 = ReleaseMD|Win32
		{37489709-8054-4903-9C49-A79846049FC9}.ReleaseMD|ARM.ActiveCfg = ReleaseMD|ARM
		{37489709-8054-4903-9C49-A79846049FC9}.ReleaseMD|ARM.Build.0 = ReleaseMD|ARM
		{37489709-8054-4903-9C49-A79846049FC9}.ReleaseMD|ARM64.ActiveCfg = ReleaseMD|ARM64
		{37489709-8054-4903-9C49-A79846049FC9}.ReleaseMD|ARM64.Build.0 = ReleaseMD|ARM64
		{37489709-8054-4903-9C49-A79846049FC9}.ReleaseMD|x64.ActiveCfg = ReleaseMD|x64
		{37489709-8054-4903-9C49-A79846049FC9}.ReleaseMD|x64.Build.0 = ReleaseMD|x64
		{37489709-8054-4903-9C49-A79846049FC9}.ReleaseMD|x86.ActiveCfg = ReleaseMD|Win32
		{37489709-8054-4903-9C49-A79846049FC9}.ReleaseMD|x86.Build.0 = ReleaseMD|Win32
		{F4B2696D-2C11-4EF0-A7D6-3D4B1F7B4170}.Debug|ARM.ActiveCfg = Debug|Win32
		{F4B2696D-2C11-4EF0-A7D6-3D4B1F7B4170}.Debug|ARM64.ActiveCfg = Debug|Win32
		{F4B2696D-2C11-4EF0-A7D6-3D4B1F7B4170}.Debug|x64.ActiveCfg = Debug|x64
		{F4B2696D-2C11-4EF0-A7D6-3D4B1F7B4170}.Debug|x64.Build.0 = Debug|x64
		{F4B2696D-2C11-4EF0-A7D6-3D4B1F7B4170}.Debug|x86.ActiveCfg = Debug|Win32
		{F4B2696D-2C11-4EF0-A7D6-3D4B1F7B4170}.Debug|x86.Build.0 = Debug|Win32
		{F4B2696D-2C11-4EF0-A7D6-3D4B1F7B4170}.DebugMDd|ARM.ActiveCfg = Debug|Win32
		{F4B2696D-2C11-4EF0-A7D6-3D4B1F7B4170}.DebugMDd|ARM.Build.0 = Debug|Win32
		{F4B2696D-2C11-4EF0-A7D6-3D4B1F7B4170}.DebugMDd|ARM64.ActiveCfg = Debug|Win32
		{F4B2696D-2C11-4EF0-A7D6-3D4B1F7B4170}.DebugMDd|ARM64.Build.0 = Debug|Win32
		{F4B2696D-2C11-4EF0-A7D6-3D4B1F7B4170}.DebugMDd|x64.ActiveCfg = Debug|x64
		{F4B2696D-2C11-4EF0-A7D6-3D4B1F7B4170}.DebugMDd|x64.Build.0 = Debug|x64
		{F4B2696D-2C11-4EF0-A7D6-3D4B1F7B4170}.DebugMDd|x86.ActiveCfg = Debug|Win32
		{F4B2696D-2C11-4EF0-A7D6-3D4B1F7B4170}.DebugMDd|x86.Build.0 = Debug|Win32
		{F4B2696D-2C11-4EF0-A7D6-3D4B1F7B4170}.Release|ARM.ActiveCfg = Release|Win32
		{F4B2696D-2C11-4EF0-A7D6-3D4B1F7B4170}.Release|ARM64.ActiveCfg = Release|Win32
		{F4B2696D-2C11-4EF0-A7D6-3D4B1F7B4170}.Release|x64.ActiveCfg = Release|x64
		{F4B2696D-2C11-4EF0-A7D6-3D4B1F7B4170}.Release|x64.Build.0 = Release|x64
		{F4B2696D-2C11-4EF0-A7D6-3D4B1F7B4170}.Release|x86.ActiveCfg = Release|Win32
		{F4B2696D-2C11-4EF0-A7D6-3D4B1F7B4170}.Release|x86.Build.0 = Release|Win32
		{F4B2696D-2C11-4EF0-A7D6-3D4B1F7B4170}.ReleaseMD|ARM.ActiveCfg = Debug|Win32
		{F4B2696D-2C11-4EF0-A7D6-3D4B1F7B4170}.ReleaseMD|ARM.Build.0 = Debug|Win32
		{F4B2696D-2C11-4EF0-A7D6-3D4B1F7B4170}.ReleaseMD|ARM64.ActiveCfg = Debug|Win32
		{F4B2696D-2C11-4EF0-A7D6-3D4B1F7B4170}.ReleaseMD|ARM64.Build.0 = Debug|Win32
		{F4B2696D-2C11-4EF0-A7D6-3D4B1F7B4170}.ReleaseMD|x64.ActiveCfg = Release|x64
		{F4B2696D-2C11-4EF0-A7D6-3D4B1F7B4170}.ReleaseMD|x64.Build.0 = Release|x64
		{F4B2696D-2C11-4EF0-A7D6-3D4B1F7B4170}.ReleaseMD|x86.ActiveCfg = Release|Win32
		{F4B2696D-2C11-4EF0-A7D6-3D4B1F7B4170}.ReleaseMD|x86.Build.0 = Release|Win32
		{1BFF72FC-05BC-4C1B-8098-9666810DE7C6}.Debug|ARM.ActiveCfg = Debug|Win32
		{1BFF72FC-05BC-4C1B-8098-9666810DE7C6}.Debug|ARM64.ActiveCfg = Debug|Win32
		{1BFF72FC-05BC-4C1B-8098-9666810DE7C6}.Debug|x64.ActiveCfg = Debug|x64
		{1BFF72FC-05BC-4C1B-8098-9666810DE7C6}.Debug|x64.Build.0 = Debug|x64
		{1BFF72FC-05BC-4C1B-8098-9666810DE7C6}.Debug|x86.ActiveCfg = Debug|Win32
		{1BFF72FC-05BC-4C1B-8098-9666810DE7C6}.Debug|x86.Build.0 = Debug|Win32
		{1BFF72FC-05BC-4C1B-8098-9666810DE7C6}.DebugMDd|ARM.ActiveCfg = Debug|Win32
		{1BFF72FC-05BC-4C1B-8098-9666810DE7C6}.DebugMDd|ARM.Build.0 = Debug|Win32
		{1BFF72FC-05BC-4C1B-8098-9666810DE7C6}.DebugMDd|ARM64.ActiveCfg = Debug|Win32
		{1BFF72FC-05BC-4C1B-8098-9666810DE7C6}.DebugMDd|ARM64.Build.0 = Debug|Win32
		{1BFF72FC-05BC-4C1B-8098-9666810DE7C6}.DebugMDd|x64.ActiveCfg = Debug|x64
		{1BFF72FC-05BC-4C1B-8098-9666810DE7C6}.DebugMDd|x64.Build.0 = Debug|x64
		{1BFF72FC-05BC-4C1B-8098-9666810DE7C6}.DebugMDd|x86.ActiveCfg = Debug|Win32
		{1BFF72FC-05BC-4C1B-8098-9666810DE7C6}.DebugMDd|x86.Build.0 = Debug|Win32
		{1BFF72FC-05BC-4C1B-8098-9666810DE7C6}.Release|ARM.ActiveCfg = Release|Win32
		{1BFF72FC-05BC-4C1B-8098-9666810DE7C6}.Release|ARM64.ActiveCfg = Release|Win32
		{1BFF72FC-05BC-4C1B-8098-9666810DE7C6}.Release|x64.ActiveCfg = Release|x64
		{1BFF72FC-05BC-4C1B-8098-9666810DE7C6}.Release|x64.Build.0 = Release|x64
		{1BFF72FC-05BC-4C1B-8098-9666810DE7C6}.Release|x86.ActiveCfg = Release|Win32
		{1BFF72FC-05BC-4C1B-8098-9666810DE7C6}.Release|x86.Build.0 = Release|Win32
		{1BFF72FC-05BC-4C1B-8098-9666810DE7C6}.ReleaseMD|ARM.ActiveCfg = Debug|Win32
		{1BFF72FC-05BC-4C1B-8098-9666810DE7C6}.ReleaseMD|ARM.Build.0 = Debug|Win32
		{1BFF72FC-05BC-4C1B-8098-9666810DE7C6}.ReleaseMD|ARM64.ActiveCfg = Debug|Win32
		{1BFF72FC-05BC-4C1B-8098-9666810DE7C6}.ReleaseMD|ARM64.Build.0 = Debug|Win32
		{1BFF72FC-05BC-4C1B-8098-9666810DE7C6}.ReleaseMD|x64.ActiveCfg = Release|x64
		{1BFF72FC-05BC-4C1B-8098-9666810DE7C6}.ReleaseMD|x64.Build.0 = Release|x64
		{1BFF72FC-05BC-4C1B-8098-9666810DE7C6}.ReleaseMD|x86.ActiveCfg = Release|Win32
		{1BFF72FC-05BC-4C1B-8098-9666810DE7C6}.ReleaseMD|x86.Build.0 = Release|Win32
	EndGlobalSection
	GlobalSection(SolutionProperties) = preSolution
		HideSolutionNode = FALSE
	EndGlobalSection
	GlobalSection(ExtensibilityGlobals) = postSolution
		SolutionGuid = {FEA1BABD-22CF-4F01-BFCD-DC2898037AA5}
	EndGlobalSection
EndGlobal
